
Microsoft Visual Studio Solution File, Format Version 12.00
# Visual Studio 14
VisualStudioVersion = 14.0.24720.0
MinimumVisualStudioVersion = 10.0.40219.1
Project("{FAE04EC0-301F-11D3-BF4B-00C04F79EFBC}") = "Todo", "Todo\Todo.csproj", "{A6884BDF-2A58-40B7-8C83-2AF154B897BE}"
EndProject
Global
	GlobalSection(SolutionConfigurationPlatforms) = preSolution
		Ad-Hoc|iPhone = Ad-Hoc|iPhone
		Ad-Hoc|iPhoneSimulator = Ad-Hoc|iPhoneSimulator
		AppStore|iPhone = AppStore|iPhone
		AppStore|iPhoneSimulator = AppStore|iPhoneSimulator
		Debug|iPhone = Debug|iPhone
		Debug|iPhoneSimulator = Debug|iPhoneSimulator
		Release|iPhone = Release|iPhone
		Release|iPhoneSimulator = Release|iPhoneSimulator
	EndGlobalSection
	GlobalSection(ProjectConfigurationPlatforms) = postSolution
		{A6884BDF-2A58-40B7-8C83-2AF154B897BE}.Ad-Hoc|iPhone.ActiveCfg = Ad-Hoc|iPhone
		{A6884BDF-2A58-40B7-8C83-2AF154B897BE}.Ad-Hoc|iPhone.Build.0 = Ad-Hoc|iPhone
		{A6884BDF-2A58-40B7-8C83-2AF154B897BE}.Ad-Hoc|iPhoneSimulator.ActiveCfg = Ad-Hoc|iPhoneSimulator
		{A6884BDF-2A58-40B7-8C83-2AF154B897BE}.Ad-Hoc|iPhoneSimulator.Build.0 = Ad-Hoc|iPhoneSimulator
		{A6884BDF-2A58-40B7-8C83-2AF154B897BE}.AppStore|iPhone.ActiveCfg = AppStore|iPhone
		{A6884BDF-2A58-40B7-8C83-2AF154B897BE}.AppStore|iPhone.Build.0 = AppStore|iPhone
		{A6884BDF-2A58-40B7-8C83-2AF154B897BE}.AppStore|iPhoneSimulator.ActiveCfg = AppStore|iPhoneSimulator
		{A6884BDF-2A58-40B7-8C83-2AF154B897BE}.AppStore|iPhoneSimulator.Build.0 = AppStore|iPhoneSimulator
		{A6884BDF-2A58-40B7-8C83-2AF154B897BE}.Debug|iPhone.ActiveCfg = Debug|iPhone
		{A6884BDF-2A58-40B7-8C83-2AF154B897BE}.Debug|iPhone.Build.0 = Debug|iPhone
		{A6884BDF-2A58-40B7-8C83-2AF154B897BE}.Debug|iPhoneSimulator.ActiveCfg = Debug|iPhoneSimulator
		{A6884BDF-2A58-40B7-8C83-2AF154B897BE}.Debug|iPhoneSimulator.Build.0 = Debug|iPhoneSimulator
		{A6884BDF-2A58-40B7-8C83-2AF154B897BE}.Release|iPhone.ActiveCfg = Release|iPhone
		{A6884BDF-2A58-40B7-8C83-2AF154B897BE}.Release|iPhone.Build.0 = Release|iPhone
		{A6884BDF-2A58-40B7-8C83-2AF154B897BE}.Release|iPhoneSimulator.ActiveCfg = Release|iPhoneSimulator
		{A6884BDF-2A58-40B7-8C83-2AF154B897BE}.Release|iPhoneSimulator.Build.0 = Release|iPhoneSimulator
	EndGlobalSection
	GlobalSection(SolutionProperties) = preSolution
		HideSolutionNode = FALSE
	EndGlobalSection
EndGlobal
